// !$*UTF8*$!
{
	archiveVersion = 1;
	classes = {
	};
	objectVersion = 51;
	objects = {

/* Begin PBXBuildFile section */
		69C0EC3947A7BEE884571A95 /* Pods_rxSwiftRay.framework in Frameworks */ = {isa = PBXBuildFile; fileRef = AF570F759634E5CA52A3114B /* Pods_rxSwiftRay.framework */; };
		7826DEA3255013AC006825EC /* AppDelegate.swift in Sources */ = {isa = PBXBuildFile; fileRef = 7826DEA2255013AC006825EC /* AppDelegate.swift */; };
		7826DEA5255013AC006825EC /* SceneDelegate.swift in Sources */ = {isa = PBXBuildFile; fileRef = 7826DEA4255013AC006825EC /* SceneDelegate.swift */; };
		7826DEA9255013AD006825EC /* Assets.xcassets in Resources */ = {isa = PBXBuildFile; fileRef = 7826DEA8255013AD006825EC /* Assets.xcassets */; };
		7826DEAC255013AD006825EC /* Preview Assets.xcassets in Resources */ = {isa = PBXBuildFile; fileRef = 7826DEAB255013AD006825EC /* Preview Assets.xcassets */; };
		7826DEAF255013AD006825EC /* LaunchScreen.storyboard in Resources */ = {isa = PBXBuildFile; fileRef = 7826DEAD255013AD006825EC /* LaunchScreen.storyboard */; };
		7826DEBC2550149E006825EC /* ViewController.swift in Sources */ = {isa = PBXBuildFile; fileRef = 7826DEBB2550149E006825EC /* ViewController.swift */; };
/* End PBXBuildFile section */

/* Begin PBXFileReference section */
		771D21C2F8521F11B3B480B9 /* Pods-rxSwiftRay.release.xcconfig */ = {isa = PBXFileReference; includeInIndex = 1; lastKnownFileType = text.xcconfig; name = "Pods-rxSwiftRay.release.xcconfig"; path = "Target Support Files/Pods-rxSwiftRay/Pods-rxSwiftRay.release.xcconfig"; sourceTree = "<group>"; };
		7826DE9F255013AC006825EC /* rxSwiftRay.app */ = {isa = PBXFileReference; explicitFileType = wrapper.application; includeInIndex = 0; path = rxSwiftRay.app; sourceTree = BUILT_PRODUCTS_DIR; };
		7826DEA2255013AC006825EC /* AppDelegate.swift */ = {isa = PBXFileReference; lastKnownFileType = sourcecode.swift; path = AppDelegate.swift; sourceTree = "<group>"; };
		7826DEA4255013AC006825EC /* SceneDelegate.swift */ = {isa = PBXFileReference; lastKnownFileType = sourcecode.swift; path = SceneDelegate.swift; sourceTree = "<group>"; };
		7826DEA8255013AD006825EC /* Assets.xcassets */ = {isa = PBXFileReference; lastKnownFileType = folder.assetcatalog; path = Assets.xcassets; sourceTree = "<group>"; };
		7826DEAB255013AD006825EC /* Preview Assets.xcassets */ = {isa = PBXFileReference; lastKnownFileType = folder.assetcatalog; path = "Preview Assets.xcassets"; sourceTree = "<group>"; };
		7826DEAE255013AD006825EC /* Base */ = {isa = PBXFileReference; lastKnownFileType = file.storyboard; name = Base; path = Base.lproj/LaunchScreen.storyboard; sourceTree = "<group>"; };
		7826DEB0255013AD006825EC /* Info.plist */ = {isa = PBXFileReference; lastKnownFileType = text.plist.xml; path = Info.plist; sourceTree = "<group>"; };
		7826DEBB2550149E006825EC /* ViewController.swift */ = {isa = PBXFileReference; lastKnownFileType = sourcecode.swift; path = ViewController.swift; sourceTree = "<group>"; };
		7838DE9A2550156E007AEE24 /* RxSwiftPlayGround.playground */ = {isa = PBXFileReference; lastKnownFileType = file.playground; path = RxSwiftPlayGround.playground; sourceTree = "<group>"; xcLanguageSpecificationIdentifier = xcode.lang.swift; };
		AF570F759634E5CA52A3114B /* Pods_rxSwiftRay.framework */ = {isa = PBXFileReference; explicitFileType = wrapper.framework; includeInIndex = 0; path = Pods_rxSwiftRay.framework; sourceTree = BUILT_PRODUCTS_DIR; };
		C7D241B7CAA7042BEDB1AB6A /* Pods-rxSwiftRay.debug.xcconfig */ = {isa = PBXFileReference; includeInIndex = 1; lastKnownFileType = text.xcconfig; name = "Pods-rxSwiftRay.debug.xcconfig"; path = "Target Support Files/Pods-rxSwiftRay/Pods-rxSwiftRay.debug.xcconfig"; sourceTree = "<group>"; };
/* End PBXFileReference section */

/* Begin PBXFrameworksBuildPhase section */
		7826DE9C255013AC006825EC /* Frameworks */ = {
			isa = PBXFrameworksBuildPhase;
			buildActionMask = 2147483647;
			files = (
				69C0EC3947A7BEE884571A95 /* Pods_rxSwiftRay.framework in Frameworks */,
			);
			runOnlyForDeploymentPostprocessing = 0;
		};
/* End PBXFrameworksBuildPhase section */

/* Begin PBXGroup section */
		72AB2BCC129572516C81BDC8 /* Pods */ = {
			isa = PBXGroup;
			children = (
				C7D241B7CAA7042BEDB1AB6A /* Pods-rxSwiftRay.debug.xcconfig */,
				771D21C2F8521F11B3B480B9 /* Pods-rxSwiftRay.release.xcconfig */,
			);
			path = Pods;
			sourceTree = "<group>";
		};
		7826DE96255013AC006825EC = {
			isa = PBXGroup;
			children = (
				7826DEA1255013AC006825EC /* rxSwiftRay */,
				7826DEA0255013AC006825EC /* Products */,
				72AB2BCC129572516C81BDC8 /* Pods */,
				834C91D9882B0471B3C4C502 /* Frameworks */,
			);
			sourceTree = "<group>";
		};
		7826DEA0255013AC006825EC /* Products */ = {
			isa = PBXGroup;
			children = (
				7826DE9F255013AC006825EC /* rxSwiftRay.app */,
			);
			name = Products;
			sourceTree = "<group>";
		};
		7826DEA1255013AC006825EC /* rxSwiftRay */ = {
			isa = PBXGroup;
			children = (
				7838DE9A2550156E007AEE24 /* RxSwiftPlayGround.playground */,
				7826DEA2255013AC006825EC /* AppDelegate.swift */,
				7826DEA4255013AC006825EC /* SceneDelegate.swift */,
				7826DEBB2550149E006825EC /* ViewController.swift */,
				7826DEA8255013AD006825EC /* Assets.xcassets */,
				7826DEAD255013AD006825EC /* LaunchScreen.storyboard */,
				7826DEB0255013AD006825EC /* Info.plist */,
				7826DEAA255013AD006825EC /* Preview Content */,
			);
			path = rxSwiftRay;
			sourceTree = "<group>";
		};
		7826DEAA255013AD006825EC /* Preview Content */ = {
			isa = PBXGroup;
			children = (
				7826DEAB255013AD006825EC /* Preview Assets.xcassets */,
			);
			path = "Preview Content";
			sourceTree = "<group>";
		};
		834C91D9882B0471B3C4C502 /* Frameworks */ = {
			isa = PBXGroup;
			children = (
				AF570F759634E5CA52A3114B /* Pods_rxSwiftRay.framework */,
			);
			name = Frameworks;
			sourceTree = "<group>";
		};
/* End PBXGroup section */

/* Begin PBXNativeTarget section */
		7826DE9E255013AC006825EC /* rxSwiftRay */ = {
			isa = PBXNativeTarget;
			buildConfigurationList = 7826DEB3255013AD006825EC /* Build configuration list for PBXNativeTarget "rxSwiftRay" */;
			buildPhases = (
				15C1A746FDA35942B120335B /* [CP] Check Pods Manifest.lock */,
				7826DE9B255013AC006825EC /* Sources */,
				7826DE9C255013AC006825EC /* Frameworks */,
				7826DE9D255013AC006825EC /* Resources */,
				992FBA505CFD15CB96D66253 /* [CP] Embed Pods Frameworks */,
			);
			buildRules = (
			);
			dependencies = (
			);
			name = rxSwiftRay;
			productName = rxSwiftRay;
			productReference = 7826DE9F255013AC006825EC /* rxSwiftRay.app */;
			productType = "com.apple.product-type.application";
		};
/* End PBXNativeTarget section */

/* Begin PBXProject section */
		7826DE97255013AC006825EC /* Project object */ = {
			isa = PBXProject;
			attributes = {
				LastSwiftUpdateCheck = 1200;
				LastUpgradeCheck = 1200;
				TargetAttributes = {
					7826DE9E255013AC006825EC = {
						CreatedOnToolsVersion = 12.0;
					};
				};
			};
			buildConfigurationList = 7826DE9A255013AC006825EC /* Build configuration list for PBXProject "rxSwiftRay" */;
			compatibilityVersion = "Xcode 9.3";
			developmentRegion = en;
			hasScannedForEncodings = 0;
			knownRegions = (
				en,
				Base,
			);
			mainGroup = 7826DE96255013AC006825EC;
			productRefGroup = 7826DEA0255013AC006825EC /* Products */;
			projectDirPath = "";
			projectRoot = "";
			targets = (
				7826DE9E255013AC006825EC /* rxSwiftRay */,
			);
		};
/* End PBXProject section */

/* Begin PBXResourcesBuildPhase section */
		7826DE9D255013AC006825EC /* Resources */ = {
			isa = PBXResourcesBuildPhase;
			buildActionMask = 2147483647;
			files = (
				7826DEAF255013AD006825EC /* LaunchScreen.storyboard in Resources */,
				7826DEAC255013AD006825EC /* Preview Assets.xcassets in Resources */,
				7826DEA9255013AD006825EC /* Assets.xcassets in Resources */,
			);
			runOnlyForDeploymentPostprocessing = 0;
		};
/* End PBXResourcesBuildPhase section */

/* Begin PBXShellScriptBuildPhase section */
		15C1A746FDA35942B120335B /* [CP] Check Pods Manifest.lock */ = {
			isa = PBXShellScriptBuildPhase;
			buildActionMask = 2147483647;
			files = (
			);
			inputFileListPaths = (
			);
			inputPaths = (
				"${PODS_PODFILE_DIR_PATH}/Podfile.lock",
				"${PODS_ROOT}/Manifest.lock",
			);
			name = "[CP] Check Pods Manifest.lock";
			outputFileListPaths = (
			);
			outputPaths = (
				"$(DERIVED_FILE_DIR)/Pods-rxSwiftRay-checkManifestLockResult.txt",
			);
			runOnlyForDeploymentPostprocessing = 0;
			shellPath = /bin/sh;
			shellScript = "diff \"${PODS_PODFILE_DIR_PATH}/Podfile.lock\" \"${PODS_ROOT}/Manifest.lock\" > /dev/null\nif [ $? != 0 ] ; then\n    # print error to STDERR\n    echo \"error: The sandbox is not in sync with the Podfile.lock. Run 'pod install' or update your CocoaPods installation.\" >&2\n    exit 1\nfi\n# This output is used by Xcode 'outputs' to avoid re-running this script phase.\necho \"SUCCESS\" > \"${SCRIPT_OUTPUT_FILE_0}\"\n";
			showEnvVarsInLog = 0;
		};
		992FBA505CFD15CB96D66253 /* [CP] Embed Pods Frameworks */ = {
			isa = PBXShellScriptBuildPhase;
			buildActionMask = 2147483647;
			files = (
			);
			inputFileListPaths = (
				"${PODS_ROOT}/Target Support Files/Pods-rxSwiftRay/Pods-rxSwiftRay-frameworks-${CONFIGURATION}-input-files.xcfilelist",
			);
			name = "[CP] Embed Pods Frameworks";
			outputFileListPaths = (
				"${PODS_ROOT}/Target Support Files/Pods-rxSwiftRay/Pods-rxSwiftRay-frameworks-${CONFIGURATION}-output-files.xcfilelist",
			);
			runOnlyForDeploymentPostprocessing = 0;
			shellPath = /bin/sh;
			shellScript = "\"${PODS_ROOT}/Target Support Files/Pods-rxSwiftRay/Pods-rxSwiftRay-frameworks.sh\"\n";
			showEnvVarsInLog = 0;
		};
/* End PBXShellScriptBuildPhase section */

/* Begin PBXSourcesBuildPhase section */
		7826DE9B255013AC006825EC /* Sources */ = {
			isa = PBXSourcesBuildPhase;
			buildActionMask = 2147483647;
			files = (
				7826DEBC2550149E006825EC /* ViewController.swift in Sources */,
				7826DEA3255013AC006825EC /* AppDelegate.swift in Sources */,
				7826DEA5255013AC006825EC /* SceneDelegate.swift in Sources */,
			);
			runOnlyForDeploymentPostprocessing = 0;
		};
/* End PBXSourcesBuildPhase section */

/* Begin PBXVariantGroup section */
		7826DEAD255013AD006825EC /* LaunchScreen.storyboard */ = {
			isa = PBXVariantGroup;
			children = (
				7826DEAE255013AD006825EC /* Base */,
			);
			name = LaunchScreen.storyboard;
			sourceTree = "<group>";
		};
/* End PBXVariantGroup section */

/* Begin XCBuildConfiguration section */
		7826DEB1255013AD006825EC /* Debug */ = {
			isa = XCBuildConfiguration;
			buildSettings = {
				ALWAYS_SEARCH_USER_PATHS = NO;
				CLANG_ANALYZER_NONNULL = YES;
				CLANG_ANALYZER_NUMBER_OBJECT_CONVERSION = YES_AGGRESSIVE;
				CLANG_CXX_LANGUAGE_STANDARD = "gnu++14";
				CLANG_CXX_LIBRARY = "libc++";
				CLANG_ENABLE_MODULES = YES;
				CLANG_ENABLE_OBJC_ARC = YES;
				CLANG_ENABLE_OBJC_WEAK = YES;
				CLANG_WARN_BLOCK_CAPTURE_AUTORELEASING = YES;
				CLANG_WARN_BOOL_CONVERSION = YES;
				CLANG_WARN_COMMA = YES;
				CLANG_WARN_CONSTANT_CONVERSION = YES;
				CLANG_WARN_DEPRECATED_OBJC_IMPLEMENTATIONS = YES;
				CLANG_WARN_DIRECT_OBJC_ISA_USAGE = YES_ERROR;
				CLANG_WARN_DOCUMENTATION_COMMENTS = YES;
				CLANG_WARN_EMPTY_BODY = YES;
				CLANG_WARN_ENUM_CONVERSION = YES;
				CLANG_WARN_INFINITE_RECURSION = YES;
				CLANG_WARN_INT_CONVERSION = YES;
				CLANG_WARN_NON_LITERAL_NULL_CONVERSION = YES;
				CLANG_WARN_OBJC_IMPLICIT_RETAIN_SELF = YES;
				CLANG_WARN_OBJC_LITERAL_CONVERSION = YES;
				CLANG_WARN_OBJC_ROOT_CLASS = YES_ERROR;
				CLANG_WARN_QUOTED_INCLUDE_IN_FRAMEWORK_HEADER = YES;
				CLANG_WARN_RANGE_LOOP_ANALYSIS = YES;
				CLANG_WARN_STRICT_PROTOTYPES = YES;
				CLANG_WARN_SUSPICIOUS_MOVE = YES;
				CLANG_WARN_UNGUARDED_AVAILABILITY = YES_AGGRESSIVE;
				CLANG_WARN_UNREACHABLE_CODE = YES;
				CLANG_WARN__DUPLICATE_METHOD_MATCH = YES;
				COPY_PHASE_STRIP = NO;
				DEBUG_INFORMATION_FORMAT = dwarf;
				ENABLE_STRICT_OBJC_MSGSEND = YES;
				ENABLE_TESTABILITY = YES;
				GCC_C_LANGUAGE_STANDARD = gnu11;
				GCC_DYNAMIC_NO_PIC = NO;
				GCC_NO_COMMON_BLOCKS = YES;
				GCC_OPTIMIZATION_LEVEL = 0;
				GCC_PREPROCESSOR_DEFINITIONS = (
					"DEBUG=1",
					"$(inherited)",
				);
				GCC_WARN_64_TO_32_BIT_CONVERSION = YES;
				GCC_WARN_ABOUT_RETURN_TYPE = YES_ERROR;
				GCC_WARN_UNDECLARED_SELECTOR = YES;
				GCC_WARN_UNINITIALIZED_AUTOS = YES_AGGRESSIVE;
				GCC_WARN_UNUSED_FUNCTION = YES;
				GCC_WARN_UNUSED_VARIABLE = YES;
				IPHONEOS_DEPLOYMENT_TARGET = 14.0;
				MTL_ENABLE_DEBUG_INFO = INCLUDE_SOURCE;
				MTL_FAST_MATH = YES;
				ONLY_ACTIVE_ARCH = YES;
				SDKROOT = iphoneos;
				SWIFT_ACTIVE_COMPILATION_CONDITIONS = DEBUG;
				SWIFT_OPTIMIZATION_LEVEL = "-Onone";
			};
			name = Debug;
		};
		7826DEB2255013AD006825EC /* Release */ = {
			isa = XCBuildConfiguration;
			buildSettings = {
				ALWAYS_SEARCH_USER_PATHS = NO;
				CLANG_ANALYZER_NONNULL = YES;
				CLANG_ANALYZER_NUMBER_OBJECT_CONVERSION = YES_AGGRESSIVE;
				CLANG_CXX_LANGUAGE_STANDARD = "gnu++14";
				CLANG_CXX_LIBRARY = "libc++";
				CLANG_ENABLE_MODULES = YES;
				CLANG_ENABLE_OBJC_ARC = YES;
				CLANG_ENABLE_OBJC_WEAK = YES;
				CLANG_WARN_BLOCK_CAPTURE_AUTORELEASING = YES;
				CLANG_WARN_BOOL_CONVERSION = YES;
				CLANG_WARN_COMMA = YES;
				CLANG_WARN_CONSTANT_CONVERSION = YES;
				CLANG_WARN_DEPRECATED_OBJC_IMPLEMENTATIONS = YES;
				CLANG_WARN_DIRECT_OBJC_ISA_USAGE = YES_ERROR;
				CLANG_WARN_DOCUMENTATION_COMMENTS = YES;
				CLANG_WARN_EMPTY_BODY = YES;
				CLANG_WARN_ENUM_CONVERSION = YES;
				CLANG_WARN_INFINITE_RECURSION = YES;
				CLANG_WARN_INT_CONVERSION = YES;
				CLANG_WARN_NON_LITERAL_NULL_CONVERSION = YES;
				CLANG_WARN_OBJC_IMPLICIT_RETAIN_SELF = YES;
				CLANG_WARN_OBJC_LITERAL_CONVERSION = YES;
				CLANG_WARN_OBJC_ROOT_CLASS = YES_ERROR;
				CLANG_WARN_QUOTED_INCLUDE_IN_FRAMEWORK_HEADER = YES;
				CLANG_WARN_RANGE_LOOP_ANALYSIS = YES;
				CLANG_WARN_STRICT_PROTOTYPES = YES;
				CLANG_WARN_SUSPICIOUS_MOVE = YES;
				CLANG_WARN_UNGUARDED_AVAILABILITY = YES_AGGRESSIVE;
				CLANG_WARN_UNREACHABLE_CODE = YES;
				CLANG_WARN__DUPLICATE_METHOD_MATCH = YES;
				COPY_PHASE_STRIP = NO;
				DEBUG_INFORMATION_FORMAT = "dwarf-with-dsym";
				ENABLE_NS_ASSERTIONS = NO;
				ENABLE_STRICT_OBJC_MSGSEND = YES;
				GCC_C_LANGUAGE_STANDARD = gnu11;
				GCC_NO_COMMON_BLOCKS = YES;
				GCC_WARN_64_TO_32_BIT_CONVERSION = YES;
				GCC_WARN_ABOUT_RETURN_TYPE = YES_ERROR;
				GCC_WARN_UNDECLARED_SELECTOR = YES;
				GCC_WARN_UNINITIALIZED_AUTOS = YES_AGGRESSIVE;
				GCC_WARN_UNUSED_FUNCTION = YES;
				GCC_WARN_UNUSED_VARIABLE = YES;
				IPHONEOS_DEPLOYMENT_TARGET = 14.0;
				MTL_ENABLE_DEBUG_INFO = NO;
				MTL_FAST_MATH = YES;
				SDKROOT = iphoneos;
				SWIFT_COMPILATION_MODE = wholemodule;
				SWIFT_OPTIMIZATION_LEVEL = "-O";
				VALIDATE_PRODUCT = YES;
			};
			name = Release;
		};
		7826DEB4255013AD006825EC /* Debug */ = {
			isa = XCBuildConfiguration;
			baseConfigurationReference = C7D241B7CAA7042BEDB1AB6A /* Pods-rxSwiftRay.debug.xcconfig */;
			buildSettings = {
				ASSETCATALOG_COMPILER_APPICON_NAME = AppIcon;
				ASSETCATALOG_COMPILER_GLOBAL_ACCENT_COLOR_NAME = AccentColor;
				CODE_SIGN_STYLE = Automatic;
				DEVELOPMENT_ASSET_PATHS = "\"rxSwiftRay/Preview Content\"";
				DEVELOPMENT_TEAM = 7AV259SP85;
				ENABLE_PREVIEWS = YES;
				INFOPLIST_FILE = rxSwiftRay/Info.plist;
				LD_RUNPATH_SEARCH_PATHS = (
					"$(inherited)",
					"@executable_path/Frameworks",
				);
				PRODUCT_BUNDLE_IDENTIFIER = hitit.rxSwiftRay;
				PRODUCT_NAME = "$(TARGET_NAME)";
				SWIFT_VERSION = 5.0;
				TARGETED_DEVICE_FAMILY = "1,2";
			};
			name = Debug;
		};
		7826DEB5255013AD006825EC /* Release */ = {
			isa = XCBuildConfiguration;
			baseConfigurationReference = 771D21C2F8521F11B3B480B9 /* Pods-rxSwiftRay.release.xcconfig */;
			buildSettings = {
				ASSETCATALOG_COMPILER_APPICON_NAME = AppIcon;
				ASSETCATALOG_COMPILER_GLOBAL_ACCENT_COLOR_NAME = AccentColor;
				CODE_SIGN_STYLE = Automatic;
				DEVELOPMENT_ASSET_PATHS = "\"rxSwiftRay/Preview Content\"";
				DEVELOPMENT_TEAM = 7AV259SP85;
				ENABLE_PREVIEWS = YES;
				INFOPLIST_FILE = rxSwiftRay/Info.plist;
				LD_RUNPATH_SEARCH_PATHS = (
					"$(inherited)",
					"@executable_path/Frameworks",
				);
				PRODUCT_BUNDLE_IDENTIFIER = hitit.rxSwiftRay;
				PRODUCT_NAME = "$(TARGET_NAME)";
				SWIFT_VERSION = 5.0;
				TARGETED_DEVICE_FAMILY = "1,2";
			};
			name = Release;
		};
/* End XCBuildConfiguration section */

/* Begin XCConfigurationList section */
		7826DE9A255013AC006825EC /* Build configuration list for PBXProject "rxSwiftRay" */ = {
			isa = XCConfigurationList;
			buildConfigurations = (
				7826DEB1255013AD006825EC /* Debug */,
				7826DEB2255013AD006825EC /* Release */,
			);
			defaultConfigurationIsVisible = 0;
			defaultConfigurationName = Release;
		};
		7826DEB3255013AD006825EC /* Build configuration list for PBXNativeTarget "rxSwiftRay" */ = {
			isa = XCConfigurationList;
			buildConfigurations = (
				7826DEB4255013AD006825EC /* Debug */,
				7826DEB5255013AD006825EC /* Release */,
			);
			defaultConfigurationIsVisible = 0;
			defaultConfigurationName = Release;
		};
/* End XCConfigurationList section */
	};
	rootObject = 7826DE97255013AC006825EC /* Project object */;
}
